{
  "nodes": {
    "disko": {
      "inputs": {
        "nixpkgs": [
          "nixpkgs"
        ]
      },
      "locked": {
        "lastModified": 1736864502,
        "narHash": "sha256-ItkIZyebGvNH2dK9jVGzJHGPtb6BSWLN8Gmef16NeY0=",
        "owner": "nix-community",
        "repo": "disko",
        "rev": "0141aabed359f063de7413f80d906e1d98c0c123",
        "type": "github"
      },
      "original": {
        "owner": "nix-community",
        "ref": "latest",
        "repo": "disko",
        "type": "github"
      }
    },
    "dotfiles": {
      "flake": false,
      "locked": {
        "lastModified": 1726139078,
        "narHash": "sha256-FiyYP/hTiSOkj99P1YcIxc9uJjjInpMPAp6fKtZlkNs=",
        "ref": "refs/heads/master",
        "rev": "d9f3a3ba9d8430306a4f6f7e9fd3ad618d274c8e",
        "revCount": 2,
        "type": "git",
        "url": "https://code.m3tam3re.com/m3tam3re/dotfiles-flake-demo.git"
      },
      "original": {
        "type": "git",
        "url": "https://code.m3tam3re.com/m3tam3re/dotfiles-flake-demo.git"
      }
    },
    "home-manager": {
      "inputs": {
        "nixpkgs": [
          "nixpkgs"
        ]
      },
      "locked": {
        "lastModified": 1741531001,
        "narHash": "sha256-IzhBDZkoaD/vEBs4utA9hmvtxecCofxkP809yGC/LyY=",
        "owner": "nix-community",
        "repo": "home-manager",
        "rev": "cf47e7ea2182c5638fdd1b42de329cc7d185cf8b",
        "type": "github"
      },
      "original": {
        "owner": "nix-community",
        "repo": "home-manager",
        "type": "github"
      }
    },
    "nixpkgs": {
      "locked": {
        "lastModified": 1741379970,
        "narHash": "sha256-Wh7esNh7G24qYleLvgOSY/7HlDUzWaL/n4qzlBePpiw=",
        "owner": "nixos",
        "repo": "nixpkgs",
        "rev": "36fd87baa9083f34f7f5027900b62ee6d09b1f2f",
        "type": "github"
      },
      "original": {
        "owner": "nixos",
        "ref": "nixos-unstable",
        "repo": "nixpkgs",
        "type": "github"
      }
    },
    "nixpkgs-stable": {
      "locked": {
        "lastModified": 1741332913,
        "narHash": "sha256-ri1e8ZliWS3Jnp9yqpKApHaOo7KBN33W8ECAKA4teAQ=",
        "owner": "nixos",
        "repo": "nixpkgs",
        "rev": "20755fa05115c84be00b04690630cb38f0a203ad",
        "type": "github"
      },
      "original": {
        "owner": "nixos",
        "ref": "nixos-24.11",
        "repo": "nixpkgs",
        "type": "github"
      }
    },
    "root": {
      "inputs": {
        "disko": "disko",
        "dotfiles": "dotfiles",
        "home-manager": "home-manager",
        "nixpkgs": "nixpkgs",
        "nixpkgs-stable": "nixpkgs-stable"
      }
    }
  },
  "root": "root",
  "version": 7
}
